<?xml version="1.0" encoding="utf-8"?>
<Project ToolsVersion="4.0" xmlns="http://schemas.microsoft.com/developer/msbuild/2003">
  <ItemGroup>
    <Filter Include="Source Files">
      <UniqueIdentifier>{4FC737F1-C7A5-4376-A066-2A32D752A2FF}</UniqueIdentifier>
      <Extensions>cpp;c;cc;cxx;def;odl;idl;hpj;bat;asm;asmx</Extensions>
    </Filter>
    <Filter Include="Header Files">
      <UniqueIdentifier>{93995380-89BD-4b04-88EB-625FBE52EBFB}</UniqueIdentifier>
      <Extensions>h;hh;hpp;hxx;hm;inl;inc;xsd</Extensions>
    </Filter>
    <Filter Include="Resource Files">
      <UniqueIdentifier>{67DA6AB6-F800-4c08-8B7A-83BB121AAD01}</UniqueIdentifier>
      <Extensions>rc;ico;cur;bmp;dlg;rc2;rct;bin;rgs;gif;jpg;jpeg;jpe;resx;tiff;tif;png;wav;mfcribbon-ms</Extensions>
    </Filter>
    <Filter Include="Resource Files\Base Shaders">
      <UniqueIdentifier>{307b27c6-1b5c-43d9-938d-ed305606f663}</UniqueIdentifier>
    </Filter>
    <Filter Include="Resource Files\Grass Shader">
      <UniqueIdentifier>{00adfedb-33ec-4ed4-8735-bc9a4c54e587}</UniqueIdentifier>
    </Filter>
    <Filter Include="Resource Files\Water Shaders">
      <UniqueIdentifier>{bc861742-f3dd-4e34-aa28-99a69fe63d84}</UniqueIdentifier>
    </Filter>
    <Filter Include="Resource Files\Postprocessing Shaders">
      <UniqueIdentifier>{d8f9a656-66e5-469c-8fce-386cc25bc4d0}</UniqueIdentifier>
    </Filter>
    <Filter Include="Header Files\Post Processing Headers">
      <UniqueIdentifier>{50126250-a49c-44f7-9a9d-b515f198fd05}</UniqueIdentifier>
    </Filter>
    <Filter Include="Source Files\Post Processing cpp">
      <UniqueIdentifier>{10ebc88e-91e0-4b10-8973-eaaaa2f9c165}</UniqueIdentifier>
    </Filter>
    <Filter Include="Resource Files\Heightmap Shaders">
      <UniqueIdentifier>{fb0aef6d-1f5d-44f3-b2c0-92717554c0ea}</UniqueIdentifier>
    </Filter>
    <Filter Include="Resource Files\Heightmap Shaders\Heightmap Depth Shaders">
      <UniqueIdentifier>{beb9ca8a-2abf-4e93-91e9-0081123083c2}</UniqueIdentifier>
    </Filter>
    <Filter Include="Source Files\Terrain cpp">
      <UniqueIdentifier>{bb42c11f-6f97-4eba-8989-09793cd70d02}</UniqueIdentifier>
    </Filter>
    <Filter Include="Source Files\Basic Shaders and Mesh">
      <UniqueIdentifier>{71f1236f-060e-441a-8c25-d64c7df15c70}</UniqueIdentifier>
    </Filter>
    <Filter Include="Source Files\Grass cpp">
      <UniqueIdentifier>{a54ca723-d3c5-4fba-9295-24c9fa23310b}</UniqueIdentifier>
    </Filter>
    <Filter Include="Source Files\Water cpp">
      <UniqueIdentifier>{e84005a8-48f3-4ee5-8a59-c21925ee6718}</UniqueIdentifier>
    </Filter>
    <Filter Include="Header Files\Grass Headers">
      <UniqueIdentifier>{f4ec130d-11ec-464f-89f9-aef1a4619b43}</UniqueIdentifier>
    </Filter>
    <Filter Include="Header Files\Terrain Headers">
      <UniqueIdentifier>{ff65eee6-727b-49cb-9c53-62a1fc5cf7f9}</UniqueIdentifier>
    </Filter>
    <Filter Include="Header Files\Water Headers">
      <UniqueIdentifier>{aa5a482a-0f64-4f22-a702-67d501f6490f}</UniqueIdentifier>
    </Filter>
    <Filter Include="Header Files\Basic Shaders and Mesh Headers">
      <UniqueIdentifier>{24e288c9-542e-41ec-893d-155ddabece16}</UniqueIdentifier>
    </Filter>
  </ItemGroup>
  <ItemGroup>
    <ClCompile Include="App1.cpp">
      <Filter>Source Files</Filter>
    </ClCompile>
    <ClCompile Include="Main.cpp">
      <Filter>Source Files</Filter>
    </ClCompile>
    <ClCompile Include="HorizontalBlurShader.cpp">
      <Filter>Source Files\Post Processing cpp</Filter>
    </ClCompile>
    <ClCompile Include="VerticalBlurShader.cpp">
      <Filter>Source Files\Post Processing cpp</Filter>
    </ClCompile>
    <ClCompile Include="DepthOfFieldShader.cpp">
      <Filter>Source Files\Post Processing cpp</Filter>
    </ClCompile>
    <ClCompile Include="HeightmapShader.cpp">
      <Filter>Source Files\Terrain cpp</Filter>
    </ClCompile>
    <ClCompile Include="DepthShaderHeightmap.cpp">
      <Filter>Source Files\Terrain cpp</Filter>
    </ClCompile>
    <ClCompile Include="QuadPlaneMesh.cpp">
      <Filter>Source Files\Basic Shaders and Mesh</Filter>
    </ClCompile>
    <ClCompile Include="TextureShader.cpp">
      <Filter>Source Files\Basic Shaders and Mesh</Filter>
    </ClCompile>
    <ClCompile Include="DepthShader.cpp">
      <Filter>Source Files\Basic Shaders and Mesh</Filter>
    </ClCompile>
    <ClCompile Include="GrassShader.cpp">
      <Filter>Source Files\Grass cpp</Filter>
    </ClCompile>
    <ClCompile Include="GrassShaderDepth.cpp">
      <Filter>Source Files\Grass cpp</Filter>
    </ClCompile>
    <ClCompile Include="WaterWavesShader.cpp">
      <Filter>Source Files\Water cpp</Filter>
    </ClCompile>
  </ItemGroup>
  <ItemGroup>
    <ClInclude Include="App1.h">
      <Filter>Header Files</Filter>
    </ClInclude>
    <ClInclude Include="HorizontalBlurShader.h">
      <Filter>Header Files\Post Processing Headers</Filter>
    </ClInclude>
    <ClInclude Include="VerticalBlurShader.h">
      <Filter>Header Files\Post Processing Headers</Filter>
    </ClInclude>
    <ClInclude Include="DepthOfFieldShader.h">
      <Filter>Header Files\Post Processing Headers</Filter>
    </ClInclude>
    <ClInclude Include="BufferHelpers.h">
      <Filter>Header Files</Filter>
    </ClInclude>
    <ClInclude Include="ImGuiFunctions.h">
      <Filter>Header Files</Filter>
    </ClInclude>
    <ClInclude Include="GrassShaderDepth.h">
      <Filter>Header Files\Grass Headers</Filter>
    </ClInclude>
    <ClInclude Include="GrassShader.h">
      <Filter>Header Files\Grass Headers</Filter>
    </ClInclude>
    <ClInclude Include="DepthShaderHeightmap.h">
      <Filter>Header Files\Terrain Headers</Filter>
    </ClInclude>
    <ClInclude Include="HeightmapShader.h">
      <Filter>Header Files\Terrain Headers</Filter>
    </ClInclude>
    <ClInclude Include="WaterWavesShader.h">
      <Filter>Header Files\Water Headers</Filter>
    </ClInclude>
    <ClInclude Include="DepthShader.h">
      <Filter>Header Files\Basic Shaders and Mesh Headers</Filter>
    </ClInclude>
    <ClInclude Include="QuadPlaneMesh.h">
      <Filter>Header Files\Basic Shaders and Mesh Headers</Filter>
    </ClInclude>
    <ClInclude Include="TextureShader.h">
      <Filter>Header Files\Basic Shaders and Mesh Headers</Filter>
    </ClInclude>
  </ItemGroup>
  <ItemGroup>
    <FxCompile Include="shaders\heightmapDepth_ds.hlsl">
      <Filter>Resource Files\Heightmap Shaders\Heightmap Depth Shaders</Filter>
    </FxCompile>
    <FxCompile Include="shaders\depth_vs.hlsl">
      <Filter>Resource Files\Base Shaders</Filter>
    </FxCompile>
    <FxCompile Include="shaders\depth_ps.hlsl">
      <Filter>Resource Files\Base Shaders</Filter>
    </FxCompile>
    <FxCompile Include="shaders\heightmap_ds.hlsl">
      <Filter>Resource Files\Heightmap Shaders</Filter>
    </FxCompile>
    <FxCompile Include="shaders\heightmap_hs.hlsl">
      <Filter>Resource Files\Heightmap Shaders</Filter>
    </FxCompile>
    <FxCompile Include="shaders\heightmap_ps.hlsl">
      <Filter>Resource Files\Heightmap Shaders</Filter>
    </FxCompile>
    <FxCompile Include="shaders\heightmap_vs.hlsl">
      <Filter>Resource Files\Heightmap Shaders</Filter>
    </FxCompile>
    <FxCompile Include="shaders\texture_ps.hlsl">
      <Filter>Resource Files\Base Shaders</Filter>
    </FxCompile>
    <FxCompile Include="shaders\texture_vs.hlsl">
      <Filter>Resource Files\Base Shaders</Filter>
    </FxCompile>
    <FxCompile Include="shaders\horizontalBlur_ps.hlsl">
      <Filter>Resource Files\Postprocessing Shaders</Filter>
    </FxCompile>
    <FxCompile Include="shaders\horizontalBlur_vs.hlsl">
      <Filter>Resource Files\Postprocessing Shaders</Filter>
    </FxCompile>
    <FxCompile Include="shaders\verticalBlur_ps.hlsl">
      <Filter>Resource Files\Postprocessing Shaders</Filter>
    </FxCompile>
    <FxCompile Include="shaders\verticalBlur_vs.hlsl">
      <Filter>Resource Files\Postprocessing Shaders</Filter>
    </FxCompile>
    <FxCompile Include="depthOfField_vs.hlsl">
      <Filter>Resource Files\Postprocessing Shaders</Filter>
    </FxCompile>
    <FxCompile Include="depthOfField_ps.hlsl">
      <Filter>Resource Files\Postprocessing Shaders</Filter>
    </FxCompile>
    <FxCompile Include="shaders\water_ds.hlsl">
      <Filter>Resource Files\Water Shaders</Filter>
    </FxCompile>
    <FxCompile Include="shaders\water_hs.hlsl">
      <Filter>Resource Files\Water Shaders</Filter>
    </FxCompile>
    <FxCompile Include="shaders\water_ps.hlsl">
      <Filter>Resource Files\Water Shaders</Filter>
    </FxCompile>
    <FxCompile Include="shaders\water_vs.hlsl">
      <Filter>Resource Files\Water Shaders</Filter>
    </FxCompile>
    <FxCompile Include="shaders\grass_ds.hlsl">
      <Filter>Resource Files\Grass Shader</Filter>
    </FxCompile>
    <FxCompile Include="shaders\grass_gs.hlsl">
      <Filter>Resource Files\Grass Shader</Filter>
    </FxCompile>
    <FxCompile Include="shaders\grass_hs.hlsl">
      <Filter>Resource Files\Grass Shader</Filter>
    </FxCompile>
    <FxCompile Include="shaders\grass_ps.hlsl">
      <Filter>Resource Files\Grass Shader</Filter>
    </FxCompile>
    <FxCompile Include="shaders\grass_vs.hlsl">
      <Filter>Resource Files\Grass Shader</Filter>
    </FxCompile>
  </ItemGroup>
</Project>